
Microsoft Visual Studio Solution File, Format Version 12.00
# Visual Studio Version 16
VisualStudioVersion = 16.0.32929.386
MinimumVisualStudioVersion = 10.0.40219.1
Project("{FAE04EC0-301F-11D3-BF4B-00C04F79EFBC}") = "Umit_Ozbas", "Umit_Ozbas.csproj", "{FBA27FB3-8FE4-41DC-81C0-456B4C9C31CF}"
EndProject
Global
	GlobalSection(SolutionConfigurationPlatforms) = preSolution
		Debug|Any CPU = Debug|Any CPU
		Release|Any CPU = Release|Any CPU
	EndGlobalSection
	GlobalSection(ProjectConfigurationPlatforms) = postSolution
		{FBA27FB3-8FE4-41DC-81C0-456B4C9C31CF}.Debug|Any CPU.ActiveCfg = Debug|Any CPU
		{FBA27FB3-8FE4-41DC-81C0-456B4C9C31CF}.Debug|Any CPU.Build.0 = Debug|Any CPU
		{FBA27FB3-8FE4-41DC-81C0-456B4C9C31CF}.Release|Any CPU.ActiveCfg = Release|Any CPU
		{FBA27FB3-8FE4-41DC-81C0-456B4C9C31CF}.Release|Any CPU.Build.0 = Release|Any CPU
	EndGlobalSection
	GlobalSection(SolutionProperties) = preSolution
		HideSolutionNode = FALSE
	EndGlobalSection
	GlobalSection(ExtensibilityGlobals) = postSolution
		SolutionGuid = {B4AD7D93-3ABC-45B7-BA90-F1B8BA440065}
	EndGlobalSection
EndGlobal
